// !$*UTF8*$!
{
	archiveVersion = 1;
	classes = {
	};
	objectVersion = 50;
	objects = {

/* Begin PBXBuildFile section */
		36A776162463BD720037292B /* AppDelegate.swift in Sources */ = {isa = PBXBuildFile; fileRef = 36A776152463BD720037292B /* AppDelegate.swift */; };
		36A776182463BD720037292B /* SceneDelegate.swift in Sources */ = {isa = PBXBuildFile; fileRef = 36A776172463BD720037292B /* SceneDelegate.swift */; };
		36A7761A2463BD720037292B /* FirstMovie.swift in Sources */ = {isa = PBXBuildFile; fileRef = 36A776192463BD720037292B /* FirstMovie.swift */; };
		36A7761C2463BD740037292B /* Assets.xcassets in Resources */ = {isa = PBXBuildFile; fileRef = 36A7761B2463BD740037292B /* Assets.xcassets */; };
		36A7761F2463BD740037292B /* Preview Assets.xcassets in Resources */ = {isa = PBXBuildFile; fileRef = 36A7761E2463BD740037292B /* Preview Assets.xcassets */; };
		36A776222463BD740037292B /* LaunchScreen.storyboard in Resources */ = {isa = PBXBuildFile; fileRef = 36A776202463BD740037292B /* LaunchScreen.storyboard */; };
		36A7762A2463BEDD0037292B /* SecondMovie.swift in Sources */ = {isa = PBXBuildFile; fileRef = 36A776292463BEDD0037292B /* SecondMovie.swift */; };
		36A7762C2463C01E0037292B /* MoviesList.swift in Sources */ = {isa = PBXBuildFile; fileRef = 36A7762B2463C01E0037292B /* MoviesList.swift */; };
/* End PBXBuildFile section */

/* Begin PBXFileReference section */
		36A776122463BD720037292B /* movie_scrollView.app */ = {isa = PBXFileReference; explicitFileType = wrapper.application; includeInIndex = 0; path = movie_scrollView.app; sourceTree = BUILT_PRODUCTS_DIR; };
		36A776152463BD720037292B /* AppDelegate.swift */ = {isa = PBXFileReference; lastKnownFileType = sourcecode.swift; path = AppDelegate.swift; sourceTree = "<group>"; };
		36A776172463BD720037292B /* SceneDelegate.swift */ = {isa = PBXFileReference; lastKnownFileType = sourcecode.swift; path = SceneDelegate.swift; sourceTree = "<group>"; };
		36A776192463BD720037292B /* FirstMovie.swift */ = {isa = PBXFileReference; lastKnownFileType = sourcecode.swift; path = FirstMovie.swift; sourceTree = "<group>"; };
		36A7761B2463BD740037292B /* Assets.xcassets */ = {isa = PBXFileReference; lastKnownFileType = folder.assetcatalog; path = Assets.xcassets; sourceTree = "<group>"; };
		36A7761E2463BD740037292B /* Preview Assets.xcassets */ = {isa = PBXFileReference; lastKnownFileType = folder.assetcatalog; path = "Preview Assets.xcassets"; sourceTree = "<group>"; };
		36A776212463BD740037292B /* Base */ = {isa = PBXFileReference; lastKnownFileType = file.storyboard; name = Base; path = Base.lproj/LaunchScreen.storyboard; sourceTree = "<group>"; };
		36A776232463BD740037292B /* Info.plist */ = {isa = PBXFileReference; lastKnownFileType = text.plist.xml; path = Info.plist; sourceTree = "<group>"; };
		36A776292463BEDD0037292B /* SecondMovie.swift */ = {isa = PBXFileReference; lastKnownFileType = sourcecode.swift; path = SecondMovie.swift; sourceTree = "<group>"; };
		36A7762B2463C01E0037292B /* MoviesList.swift */ = {isa = PBXFileReference; lastKnownFileType = sourcecode.swift; path = MoviesList.swift; sourceTree = "<group>"; };
/* End PBXFileReference section */

/* Begin PBXFrameworksBuildPhase section */
		36A7760F2463BD720037292B /* Frameworks */ = {
			isa = PBXFrameworksBuildPhase;
			buildActionMask = 2147483647;
			files = (
			);
			runOnlyForDeploymentPostprocessing = 0;
		};
/* End PBXFrameworksBuildPhase section */

/* Begin PBXGroup section */
		36A776092463BD720037292B = {
			isa = PBXGroup;
			children = (
				36A776142463BD720037292B /* movie_scrollView */,
				36A776132463BD720037292B /* Products */,
			);
			sourceTree = "<group>";
		};
		36A776132463BD720037292B /* Products */ = {
			isa = PBXGroup;
			children = (
				36A776122463BD720037292B /* movie_scrollView.app */,
			);
			name = Products;
			sourceTree = "<group>";
		};
		36A776142463BD720037292B /* movie_scrollView */ = {
			isa = PBXGroup;
			children = (
				36A776292463BEDD0037292B /* SecondMovie.swift */,
				36A776152463BD720037292B /* AppDelegate.swift */,
				36A776172463BD720037292B /* SceneDelegate.swift */,
				36A776192463BD720037292B /* FirstMovie.swift */,
				36A7762B2463C01E0037292B /* MoviesList.swift */,
				36A7761B2463BD740037292B /* Assets.xcassets */,
				36A776202463BD740037292B /* LaunchScreen.storyboard */,
				36A776232463BD740037292B /* Info.plist */,
				36A7761D2463BD740037292B /* Preview Content */,
			);
			path = movie_scrollView;
			sourceTree = "<group>";
		};
		36A7761D2463BD740037292B /* Preview Content */ = {
			isa = PBXGroup;
			children = (
				36A7761E2463BD740037292B /* Preview Assets.xcassets */,
			);
			path = "Preview Content";
			sourceTree = "<group>";
		};
/* End PBXGroup section */

/* Begin PBXNativeTarget section */
		36A776112463BD720037292B /* movie_scrollView */ = {
			isa = PBXNativeTarget;
			buildConfigurationList = 36A776262463BD740037292B /* Build configuration list for PBXNativeTarget "movie_scrollView" */;
			buildPhases = (
				36A7760E2463BD720037292B /* Sources */,
				36A7760F2463BD720037292B /* Frameworks */,
				36A776102463BD720037292B /* Resources */,
			);
			buildRules = (
			);
			dependencies = (
			);
			name = movie_scrollView;
			productName = movie_scrollView;
			productReference = 36A776122463BD720037292B /* movie_scrollView.app */;
			productType = "com.apple.product-type.application";
		};
/* End PBXNativeTarget section */

/* Begin PBXProject section */
		36A7760A2463BD720037292B /* Project object */ = {
			isa = PBXProject;
			attributes = {
				LastSwiftUpdateCheck = 1140;
				LastUpgradeCheck = 1140;
				ORGANIZATIONNAME = Shaimaa;
				TargetAttributes = {
					36A776112463BD720037292B = {
						CreatedOnToolsVersion = 11.4.1;
					};
				};
			};
			buildConfigurationList = 36A7760D2463BD720037292B /* Build configuration list for PBXProject "movie_scrollView" */;
			compatibilityVersion = "Xcode 9.3";
			developmentRegion = en;
			hasScannedForEncodings = 0;
			knownRegions = (
				en,
				Base,
			);
			mainGroup = 36A776092463BD720037292B;
			productRefGroup = 36A776132463BD720037292B /* Products */;
			projectDirPath = "";
			projectRoot = "";
			targets = (
				36A776112463BD720037292B /* movie_scrollView */,
			);
		};
/* End PBXProject section */

/* Begin PBXResourcesBuildPhase section */
		36A776102463BD720037292B /* Resources */ = {
			isa = PBXResourcesBuildPhase;
			buildActionMask = 2147483647;
			files = (
				36A776222463BD740037292B /* LaunchScreen.storyboard in Resources */,
				36A7761F2463BD740037292B /* Preview Assets.xcassets in Resources */,
				36A7761C2463BD740037292B /* Assets.xcassets in Resources */,
			);
			runOnlyForDeploymentPostprocessing = 0;
		};
/* End PBXResourcesBuildPhase section */

/* Begin PBXSourcesBuildPhase section */
		36A7760E2463BD720037292B /* Sources */ = {
			isa = PBXSourcesBuildPhase;
			buildActionMask = 2147483647;
			files = (
				36A7762A2463BEDD0037292B /* SecondMovie.swift in Sources */,
				36A776162463BD720037292B /* AppDelegate.swift in Sources */,
				36A776182463BD720037292B /* SceneDelegate.swift in Sources */,
				36A7762C2463C01E0037292B /* MoviesList.swift in Sources */,
				36A7761A2463BD720037292B /* FirstMovie.swift in Sources */,
			);
			runOnlyForDeploymentPostprocessing = 0;
		};
/* End PBXSourcesBuildPhase section */

/* Begin PBXVariantGroup section */
		36A776202463BD740037292B /* LaunchScreen.storyboard */ = {
			isa = PBXVariantGroup;
			children = (
				36A776212463BD740037292B /* Base */,
			);
			name = LaunchScreen.storyboard;
			sourceTree = "<group>";
		};
/* End PBXVariantGroup section */

/* Begin XCBuildConfiguration section */
		36A776242463BD740037292B /* Debug */ = {
			isa = XCBuildConfiguration;
			buildSettings = {
				ALWAYS_SEARCH_USER_PATHS = NO;
				CLANG_ANALYZER_NONNULL = YES;
				CLANG_ANALYZER_NUMBER_OBJECT_CONVERSION = YES_AGGRESSIVE;
				CLANG_CXX_LANGUAGE_STANDARD = "gnu++14";
				CLANG_CXX_LIBRARY = "libc++";
				CLANG_ENABLE_MODULES = YES;
				CLANG_ENABLE_OBJC_ARC = YES;
				CLANG_ENABLE_OBJC_WEAK = YES;
				CLANG_WARN_BLOCK_CAPTURE_AUTORELEASING = YES;
				CLANG_WARN_BOOL_CONVERSION = YES;
				CLANG_WARN_COMMA = YES;
				CLANG_WARN_CONSTANT_CONVERSION = YES;
				CLANG_WARN_DEPRECATED_OBJC_IMPLEMENTATIONS = YES;
				CLANG_WARN_DIRECT_OBJC_ISA_USAGE = YES_ERROR;
				CLANG_WARN_DOCUMENTATION_COMMENTS = YES;
				CLANG_WARN_EMPTY_BODY = YES;
				CLANG_WARN_ENUM_CONVERSION = YES;
				CLANG_WARN_INFINITE_RECURSION = YES;
				CLANG_WARN_INT_CONVERSION = YES;
				CLANG_WARN_NON_LITERAL_NULL_CONVERSION = YES;
				CLANG_WARN_OBJC_IMPLICIT_RETAIN_SELF = YES;
				CLANG_WARN_OBJC_LITERAL_CONVERSION = YES;
				CLANG_WARN_OBJC_ROOT_CLASS = YES_ERROR;
				CLANG_WARN_RANGE_LOOP_ANALYSIS = YES;
				CLANG_WARN_STRICT_PROTOTYPES = YES;
				CLANG_WARN_SUSPICIOUS_MOVE = YES;
				CLANG_WARN_UNGUARDED_AVAILABILITY = YES_AGGRESSIVE;
				CLANG_WARN_UNREACHABLE_CODE = YES;
				CLANG_WARN__DUPLICATE_METHOD_MATCH = YES;
				COPY_PHASE_STRIP = NO;
				DEBUG_INFORMATION_FORMAT = dwarf;
				ENABLE_STRICT_OBJC_MSGSEND = YES;
				ENABLE_TESTABILITY = YES;
				GCC_C_LANGUAGE_STANDARD = gnu11;
				GCC_DYNAMIC_NO_PIC = NO;
				GCC_NO_COMMON_BLOCKS = YES;
				GCC_OPTIMIZATION_LEVEL = 0;
				GCC_PREPROCESSOR_DEFINITIONS = (
					"DEBUG=1",
					"$(inherited)",
				);
				GCC_WARN_64_TO_32_BIT_CONVERSION = YES;
				GCC_WARN_ABOUT_RETURN_TYPE = YES_ERROR;
				GCC_WARN_UNDECLARED_SELECTOR = YES;
				GCC_WARN_UNINITIALIZED_AUTOS = YES_AGGRESSIVE;
				GCC_WARN_UNUSED_FUNCTION = YES;
				GCC_WARN_UNUSED_VARIABLE = YES;
				IPHONEOS_DEPLOYMENT_TARGET = 13.4;
				MTL_ENABLE_DEBUG_INFO = INCLUDE_SOURCE;
				MTL_FAST_MATH = YES;
				ONLY_ACTIVE_ARCH = YES;
				SDKROOT = iphoneos;
				SWIFT_ACTIVE_COMPILATION_CONDITIONS = DEBUG;
				SWIFT_OPTIMIZATION_LEVEL = "-Onone";
			};
			name = Debug;
		};
		36A776252463BD740037292B /* Release */ = {
			isa = XCBuildConfiguration;
			buildSettings = {
				ALWAYS_SEARCH_USER_PATHS = NO;
				CLANG_ANALYZER_NONNULL = YES;
				CLANG_ANALYZER_NUMBER_OBJECT_CONVERSION = YES_AGGRESSIVE;
				CLANG_CXX_LANGUAGE_STANDARD = "gnu++14";
				CLANG_CXX_LIBRARY = "libc++";
				CLANG_ENABLE_MODULES = YES;
				CLANG_ENABLE_OBJC_ARC = YES;
				CLANG_ENABLE_OBJC_WEAK = YES;
				CLANG_WARN_BLOCK_CAPTURE_AUTORELEASING = YES;
				CLANG_WARN_BOOL_CONVERSION = YES;
				CLANG_WARN_COMMA = YES;
				CLANG_WARN_CONSTANT_CONVERSION = YES;
				CLANG_WARN_DEPRECATED_OBJC_IMPLEMENTATIONS = YES;
				CLANG_WARN_DIRECT_OBJC_ISA_USAGE = YES_ERROR;
				CLANG_WARN_DOCUMENTATION_COMMENTS = YES;
				CLANG_WARN_EMPTY_BODY = YES;
				CLANG_WARN_ENUM_CONVERSION = YES;
				CLANG_WARN_INFINITE_RECURSION = YES;
				CLANG_WARN_INT_CONVERSION = YES;
				CLANG_WARN_NON_LITERAL_NULL_CONVERSION = YES;
				CLANG_WARN_OBJC_IMPLICIT_RETAIN_SELF = YES;
				CLANG_WARN_OBJC_LITERAL_CONVERSION = YES;
				CLANG_WARN_OBJC_ROOT_CLASS = YES_ERROR;
				CLANG_WARN_RANGE_LOOP_ANALYSIS = YES;
				CLANG_WARN_STRICT_PROTOTYPES = YES;
				CLANG_WARN_SUSPICIOUS_MOVE = YES;
				CLANG_WARN_UNGUARDED_AVAILABILITY = YES_AGGRESSIVE;
				CLANG_WARN_UNREACHABLE_CODE = YES;
				CLANG_WARN__DUPLICATE_METHOD_MATCH = YES;
				COPY_PHASE_STRIP = NO;
				DEBUG_INFORMATION_FORMAT = "dwarf-with-dsym";
				ENABLE_NS_ASSERTIONS = NO;
				ENABLE_STRICT_OBJC_MSGSEND = YES;
				GCC_C_LANGUAGE_STANDARD = gnu11;
				GCC_NO_COMMON_BLOCKS = YES;
				GCC_WARN_64_TO_32_BIT_CONVERSION = YES;
				GCC_WARN_ABOUT_RETURN_TYPE = YES_ERROR;
				GCC_WARN_UNDECLARED_SELECTOR = YES;
				GCC_WARN_UNINITIALIZED_AUTOS = YES_AGGRESSIVE;
				GCC_WARN_UNUSED_FUNCTION = YES;
				GCC_WARN_UNUSED_VARIABLE = YES;
				IPHONEOS_DEPLOYMENT_TARGET = 13.4;
				MTL_ENABLE_DEBUG_INFO = NO;
				MTL_FAST_MATH = YES;
				SDKROOT = iphoneos;
				SWIFT_COMPILATION_MODE = wholemodule;
				SWIFT_OPTIMIZATION_LEVEL = "-O";
				VALIDATE_PRODUCT = YES;
			};
			name = Release;
		};
		36A776272463BD740037292B /* Debug */ = {
			isa = XCBuildConfiguration;
			buildSettings = {
				ASSETCATALOG_COMPILER_APPICON_NAME = AppIcon;
				CODE_SIGN_STYLE = Automatic;
				DEVELOPMENT_ASSET_PATHS = "\"movie_scrollView/Preview Content\"";
				DEVELOPMENT_TEAM = NK9W47FT6Q;
				ENABLE_PREVIEWS = YES;
				INFOPLIST_FILE = movie_scrollView/Info.plist;
				LD_RUNPATH_SEARCH_PATHS = (
					"$(inherited)",
					"@executable_path/Frameworks",
				);
				PRODUCT_BUNDLE_IDENTIFIER = "com.shaima.movie-scrollView";
				PRODUCT_NAME = "$(TARGET_NAME)";
				SWIFT_VERSION = 5.0;
				TARGETED_DEVICE_FAMILY = "1,2";
			};
			name = Debug;
		};
		36A776282463BD740037292B /* Release */ = {
			isa = XCBuildConfiguration;
			buildSettings = {
				ASSETCATALOG_COMPILER_APPICON_NAME = AppIcon;
				CODE_SIGN_STYLE = Automatic;
				DEVELOPMENT_ASSET_PATHS = "\"movie_scrollView/Preview Content\"";
				DEVELOPMENT_TEAM = NK9W47FT6Q;
				ENABLE_PREVIEWS = YES;
				INFOPLIST_FILE = movie_scrollView/Info.plist;
				LD_RUNPATH_SEARCH_PATHS = (
					"$(inherited)",
					"@executable_path/Frameworks",
				);
				PRODUCT_BUNDLE_IDENTIFIER = "com.shaima.movie-scrollView";
				PRODUCT_NAME = "$(TARGET_NAME)";
				SWIFT_VERSION = 5.0;
				TARGETED_DEVICE_FAMILY = "1,2";
			};
			name = Release;
		};
/* End XCBuildConfiguration section */

/* Begin XCConfigurationList section */
		36A7760D2463BD720037292B /* Build configuration list for PBXProject "movie_scrollView" */ = {
			isa = XCConfigurationList;
			buildConfigurations = (
				36A776242463BD740037292B /* Debug */,
				36A776252463BD740037292B /* Release */,
			);
			defaultConfigurationIsVisible = 0;
			defaultConfigurationName = Release;
		};
		36A776262463BD740037292B /* Build configuration list for PBXNativeTarget "movie_scrollView" */ = {
			isa = XCConfigurationList;
			buildConfigurations = (
				36A776272463BD740037292B /* Debug */,
				36A776282463BD740037292B /* Release */,
			);
			defaultConfigurationIsVisible = 0;
			defaultConfigurationName = Release;
		};
/* End XCConfigurationList section */
	};
	rootObject = 36A7760A2463BD720037292B /* Project object */;
}
